// !$*UTF8*$!
{
	archiveVersion = 1;
	classes = {
	};
	objectVersion = 46;
	objects = {

/* Begin PBXBuildFile section */
		8109A9450AE28C984801318D /* libPods-gyt.a in Frameworks */ = {isa = PBXBuildFile; fileRef = 234300D9AA14CCAB18F37D31 /* libPods-gyt.a */; };
		CF4A6D181CBE25AA00B36C93 /* main.m in Sources */ = {isa = PBXBuildFile; fileRef = CF4A6D171CBE25AA00B36C93 /* main.m */; };
		CF4A6D1B1CBE25AA00B36C93 /* AppDelegate.m in Sources */ = {isa = PBXBuildFile; fileRef = CF4A6D1A1CBE25AA00B36C93 /* AppDelegate.m */; };
		CF4A6D211CBE25AA00B36C93 /* Main.storyboard in Resources */ = {isa = PBXBuildFile; fileRef = CF4A6D1F1CBE25AA00B36C93 /* Main.storyboard */; };
		CF4A6D261CBE25AA00B36C93 /* Assets.xcassets in Resources */ = {isa = PBXBuildFile; fileRef = CF4A6D251CBE25AA00B36C93 /* Assets.xcassets */; };
		CF4A6D291CBE25AA00B36C93 /* LaunchScreen.storyboard in Resources */ = {isa = PBXBuildFile; fileRef = CF4A6D271CBE25AA00B36C93 /* LaunchScreen.storyboard */; };
		CF4A6D591CBE28DD00B36C93 /* Account.m in Sources */ = {isa = PBXBuildFile; fileRef = CF4A6D4B1CBE28DD00B36C93 /* Account.m */; };
		CF4A6D5A1CBE28DD00B36C93 /* AppUtil.m in Sources */ = {isa = PBXBuildFile; fileRef = CF4A6D4D1CBE28DD00B36C93 /* AppUtil.m */; };
		CF4A6D5B1CBE28DD00B36C93 /* ColorUtil.m in Sources */ = {isa = PBXBuildFile; fileRef = CF4A6D4F1CBE28DD00B36C93 /* ColorUtil.m */; };
		CF4A6D5C1CBE28DD00B36C93 /* DialogHelper.m in Sources */ = {isa = PBXBuildFile; fileRef = CF4A6D521CBE28DD00B36C93 /* DialogHelper.m */; };
		CF4A6D5D1CBE28DD00B36C93 /* IDSAlertSheet.m in Sources */ = {isa = PBXBuildFile; fileRef = CF4A6D541CBE28DD00B36C93 /* IDSAlertSheet.m */; };
		CF4A6D6F1CBE2A0800B36C93 /* IDSExtendedLabel.m in Sources */ = {isa = PBXBuildFile; fileRef = CF4A6D6A1CBE2A0800B36C93 /* IDSExtendedLabel.m */; };
		CF4A6D701CBE2A0800B36C93 /* UILabel+ContentSize.m in Sources */ = {isa = PBXBuildFile; fileRef = CF4A6D6C1CBE2A0800B36C93 /* UILabel+ContentSize.m */; };
		CF4A6D711CBE2A0800B36C93 /* UIView+Frame.m in Sources */ = {isa = PBXBuildFile; fileRef = CF4A6D6E1CBE2A0800B36C93 /* UIView+Frame.m */; };
		CF4A6D741CBE2BCD00B36C93 /* ResponseModel.m in Sources */ = {isa = PBXBuildFile; fileRef = CF4A6D731CBE2BCD00B36C93 /* ResponseModel.m */; };
		CF4A6D7C1CBE2EA200B36C93 /* ByNavigationBar.m in Sources */ = {isa = PBXBuildFile; fileRef = CF4A6D7B1CBE2EA200B36C93 /* ByNavigationBar.m */; };
		CF4A6D7F1CBE2EAB00B36C93 /* BaseViewController.m in Sources */ = {isa = PBXBuildFile; fileRef = CF4A6D7E1CBE2EAB00B36C93 /* BaseViewController.m */; };
		CF4A6D8B1CBE3F9E00B36C93 /* BaseLinesView.m in Sources */ = {isa = PBXBuildFile; fileRef = CF4A6D821CBE3F9E00B36C93 /* BaseLinesView.m */; };
		CF4A6D8C1CBE3F9E00B36C93 /* HistogramView.m in Sources */ = {isa = PBXBuildFile; fileRef = CF4A6D841CBE3F9E00B36C93 /* HistogramView.m */; };
		CF4A6D8D1CBE3F9E00B36C93 /* KMapPointView.m in Sources */ = {isa = PBXBuildFile; fileRef = CF4A6D861CBE3F9E00B36C93 /* KMapPointView.m */; };
		CF4A6D8E1CBE3F9E00B36C93 /* KMapView.m in Sources */ = {isa = PBXBuildFile; fileRef = CF4A6D881CBE3F9E00B36C93 /* KMapView.m */; };
		CF4A6D8F1CBE3F9E00B36C93 /* TSLinesView.m in Sources */ = {isa = PBXBuildFile; fileRef = CF4A6D8A1CBE3F9E00B36C93 /* TSLinesView.m */; };
		CF4A6D931CBE40C600B36C93 /* kLinePage.m in Sources */ = {isa = PBXBuildFile; fileRef = CF4A6D921CBE40C600B36C93 /* kLinePage.m */; };
		CFC15B8E1CBF94A90077FA19 /* MainTableCell.m in Sources */ = {isa = PBXBuildFile; fileRef = CFC15B8D1CBF94A90077FA19 /* MainTableCell.m */; };
		CFC15B911CBFA6830077FA19 /* ProductModel.m in Sources */ = {isa = PBXBuildFile; fileRef = CFC15B901CBFA6830077FA19 /* ProductModel.m */; };
		CFC15B941CC11B770077FA19 /* LeftMenuCell.m in Sources */ = {isa = PBXBuildFile; fileRef = CFC15B931CC11B770077FA19 /* LeftMenuCell.m */; };
		CFC15B971CC205390077FA19 /* MenuModel.m in Sources */ = {isa = PBXBuildFile; fileRef = CFC15B961CC205390077FA19 /* MenuModel.m */; };
		CFC15B9A1CC20F070077FA19 /* DetailViewController.m in Sources */ = {isa = PBXBuildFile; fileRef = CFC15B991CC20F070077FA19 /* DetailViewController.m */; };
		CFC15B9D1CC2249B0077FA19 /* BottomTabView.m in Sources */ = {isa = PBXBuildFile; fileRef = CFC15B9C1CC2249B0077FA19 /* BottomTabView.m */; };
		CFC15BA01CC22BE10077FA19 /* BottomModel.m in Sources */ = {isa = PBXBuildFile; fileRef = CFC15B9F1CC22BE10077FA19 /* BottomModel.m */; };
		CFC15BA71CC234C30077FA19 /* HandicapView.m in Sources */ = {isa = PBXBuildFile; fileRef = CFC15BA61CC234C30077FA19 /* HandicapView.m */; };
		CFC15BAA1CC35F700077FA19 /* HandicapCell.m in Sources */ = {isa = PBXBuildFile; fileRef = CFC15BA91CC35F700077FA19 /* HandicapCell.m */; };
		CFC15BAD1CC361A80077FA19 /* HandicapModel.m in Sources */ = {isa = PBXBuildFile; fileRef = CFC15BAC1CC361A80077FA19 /* HandicapModel.m */; };
		CFC15BB01CC365650077FA19 /* HandicapBaseModel.m in Sources */ = {isa = PBXBuildFile; fileRef = CFC15BAF1CC365650077FA19 /* HandicapBaseModel.m */; };
		CFC15BB31CC37C730077FA19 /* HandicapDetailModel.m in Sources */ = {isa = PBXBuildFile; fileRef = CFC15BB21CC37C730077FA19 /* HandicapDetailModel.m */; };
		CFDFFA941CBF742500401CB3 /* SlideNavigationController.m in Sources */ = {isa = PBXBuildFile; fileRef = CFDFFA931CBF742500401CB3 /* SlideNavigationController.m */; };
		CFDFFA971CBF759800401CB3 /* LeftMenuViewContriller.m in Sources */ = {isa = PBXBuildFile; fileRef = CFDFFA961CBF759800401CB3 /* LeftMenuViewContriller.m */; };
		CFDFFA9A1CBF77AB00401CB3 /* MainViewController.m in Sources */ = {isa = PBXBuildFile; fileRef = CFDFFA991CBF77AB00401CB3 /* MainViewController.m */; };
		CFDFFA9D1CBF78DD00401CB3 /* RightMenuViewController.m in Sources */ = {isa = PBXBuildFile; fileRef = CFDFFA9C1CBF78DD00401CB3 /* RightMenuViewController.m */; };
/* End PBXBuildFile section */

/* Begin PBXFileReference section */
		0649C12BFD5FDC358AE11BA4 /* Pods-gyt.release.xcconfig */ = {isa = PBXFileReference; includeInIndex = 1; lastKnownFileType = text.xcconfig; name = "Pods-gyt.release.xcconfig"; path = "Pods/Target Support Files/Pods-gyt/Pods-gyt.release.xcconfig"; sourceTree = "<group>"; };
		234300D9AA14CCAB18F37D31 /* libPods-gyt.a */ = {isa = PBXFileReference; explicitFileType = archive.ar; includeInIndex = 0; path = "libPods-gyt.a"; sourceTree = BUILT_PRODUCTS_DIR; };
		CF4A6D131CBE25AA00B36C93 /* gyt.app */ = {isa = PBXFileReference; explicitFileType = wrapper.application; includeInIndex = 0; path = gyt.app; sourceTree = BUILT_PRODUCTS_DIR; };
		CF4A6D171CBE25AA00B36C93 /* main.m */ = {isa = PBXFileReference; lastKnownFileType = sourcecode.c.objc; path = main.m; sourceTree = "<group>"; };
		CF4A6D191CBE25AA00B36C93 /* AppDelegate.h */ = {isa = PBXFileReference; lastKnownFileType = sourcecode.c.h; path = AppDelegate.h; sourceTree = "<group>"; };
		CF4A6D1A1CBE25AA00B36C93 /* AppDelegate.m */ = {isa = PBXFileReference; lastKnownFileType = sourcecode.c.objc; path = AppDelegate.m; sourceTree = "<group>"; };
		CF4A6D201CBE25AA00B36C93 /* Base */ = {isa = PBXFileReference; lastKnownFileType = file.storyboard; name = Base; path = Base.lproj/Main.storyboard; sourceTree = "<group>"; };
		CF4A6D251CBE25AA00B36C93 /* Assets.xcassets */ = {isa = PBXFileReference; lastKnownFileType = folder.assetcatalog; path = Assets.xcassets; sourceTree = "<group>"; };
		CF4A6D281CBE25AA00B36C93 /* Base */ = {isa = PBXFileReference; lastKnownFileType = file.storyboard; name = Base; path = Base.lproj/LaunchScreen.storyboard; sourceTree = "<group>"; };
		CF4A6D2A1CBE25AA00B36C93 /* Info.plist */ = {isa = PBXFileReference; lastKnownFileType = text.plist.xml; path = Info.plist; sourceTree = "<group>"; };
		CF4A6D4A1CBE28DD00B36C93 /* Account.h */ = {isa = PBXFileReference; fileEncoding = 4; lastKnownFileType = sourcecode.c.h; path = Account.h; sourceTree = "<group>"; };
		CF4A6D4B1CBE28DD00B36C93 /* Account.m */ = {isa = PBXFileReference; fileEncoding = 4; lastKnownFileType = sourcecode.c.objc; path = Account.m; sourceTree = "<group>"; };
		CF4A6D4C1CBE28DD00B36C93 /* AppUtil.h */ = {isa = PBXFileReference; fileEncoding = 4; lastKnownFileType = sourcecode.c.h; path = AppUtil.h; sourceTree = "<group>"; };
		CF4A6D4D1CBE28DD00B36C93 /* AppUtil.m */ = {isa = PBXFileReference; fileEncoding = 4; lastKnownFileType = sourcecode.c.objc; path = AppUtil.m; sourceTree = "<group>"; };
		CF4A6D4E1CBE28DD00B36C93 /* ColorUtil.h */ = {isa = PBXFileReference; fileEncoding = 4; lastKnownFileType = sourcecode.c.h; path = ColorUtil.h; sourceTree = "<group>"; };
		CF4A6D4F1CBE28DD00B36C93 /* ColorUtil.m */ = {isa = PBXFileReference; fileEncoding = 4; lastKnownFileType = sourcecode.c.objc; path = ColorUtil.m; sourceTree = "<group>"; };
		CF4A6D501CBE28DD00B36C93 /* Constant.h */ = {isa = PBXFileReference; fileEncoding = 4; lastKnownFileType = sourcecode.c.h; path = Constant.h; sourceTree = "<group>"; };
		CF4A6D511CBE28DD00B36C93 /* DialogHelper.h */ = {isa = PBXFileReference; fileEncoding = 4; lastKnownFileType = sourcecode.c.h; path = DialogHelper.h; sourceTree = "<group>"; };
		CF4A6D521CBE28DD00B36C93 /* DialogHelper.m */ = {isa = PBXFileReference; fileEncoding = 4; lastKnownFileType = sourcecode.c.objc; path = DialogHelper.m; sourceTree = "<group>"; };
		CF4A6D531CBE28DD00B36C93 /* IDSAlertSheet.h */ = {isa = PBXFileReference; fileEncoding = 4; lastKnownFileType = sourcecode.c.h; path = IDSAlertSheet.h; sourceTree = "<group>"; };
		CF4A6D541CBE28DD00B36C93 /* IDSAlertSheet.m */ = {isa = PBXFileReference; fileEncoding = 4; lastKnownFileType = sourcecode.c.objc; path = IDSAlertSheet.m; sourceTree = "<group>"; };
		CF4A6D551CBE28DD00B36C93 /* Singleton.h */ = {isa = PBXFileReference; fileEncoding = 4; lastKnownFileType = sourcecode.c.h; path = Singleton.h; sourceTree = "<group>"; };
		CF4A6D5E1CBE293400B36C93 /* Common.pch */ = {isa = PBXFileReference; fileEncoding = 4; lastKnownFileType = sourcecode.c.h; path = Common.pch; sourceTree = "<group>"; };
		CF4A6D691CBE2A0800B36C93 /* IDSExtendedLabel.h */ = {isa = PBXFileReference; fileEncoding = 4; lastKnownFileType = sourcecode.c.h; path = IDSExtendedLabel.h; sourceTree = "<group>"; };
		CF4A6D6A1CBE2A0800B36C93 /* IDSExtendedLabel.m */ = {isa = PBXFileReference; fileEncoding = 4; lastKnownFileType = sourcecode.c.objc; path = IDSExtendedLabel.m; sourceTree = "<group>"; };
		CF4A6D6B1CBE2A0800B36C93 /* UILabel+ContentSize.h */ = {isa = PBXFileReference; fileEncoding = 4; lastKnownFileType = sourcecode.c.h; path = "UILabel+ContentSize.h"; sourceTree = "<group>"; };
		CF4A6D6C1CBE2A0800B36C93 /* UILabel+ContentSize.m */ = {isa = PBXFileReference; fileEncoding = 4; lastKnownFileType = sourcecode.c.objc; path = "UILabel+ContentSize.m"; sourceTree = "<group>"; };
		CF4A6D6D1CBE2A0800B36C93 /* UIView+Frame.h */ = {isa = PBXFileReference; fileEncoding = 4; lastKnownFileType = sourcecode.c.h; path = "UIView+Frame.h"; sourceTree = "<group>"; };
		CF4A6D6E1CBE2A0800B36C93 /* UIView+Frame.m */ = {isa = PBXFileReference; fileEncoding = 4; lastKnownFileType = sourcecode.c.objc; path = "UIView+Frame.m"; sourceTree = "<group>"; };
		CF4A6D721CBE2BCD00B36C93 /* ResponseModel.h */ = {isa = PBXFileReference; fileEncoding = 4; lastKnownFileType = sourcecode.c.h; path = ResponseModel.h; sourceTree = "<group>"; };
		CF4A6D731CBE2BCD00B36C93 /* ResponseModel.m */ = {isa = PBXFileReference; fileEncoding = 4; lastKnownFileType = sourcecode.c.objc; path = ResponseModel.m; sourceTree = "<group>"; };
		CF4A6D7A1CBE2EA200B36C93 /* ByNavigationBar.h */ = {isa = PBXFileReference; fileEncoding = 4; lastKnownFileType = sourcecode.c.h; path = ByNavigationBar.h; sourceTree = "<group>"; };
		CF4A6D7B1CBE2EA200B36C93 /* ByNavigationBar.m */ = {isa = PBXFileReference; fileEncoding = 4; lastKnownFileType = sourcecode.c.objc; path = ByNavigationBar.m; sourceTree = "<group>"; };
		CF4A6D7D1CBE2EAB00B36C93 /* BaseViewController.h */ = {isa = PBXFileReference; fileEncoding = 4; lastKnownFileType = sourcecode.c.h; path = BaseViewController.h; sourceTree = "<group>"; };
		CF4A6D7E1CBE2EAB00B36C93 /* BaseViewController.m */ = {isa = PBXFileReference; fileEncoding = 4; lastKnownFileType = sourcecode.c.objc; path = BaseViewController.m; sourceTree = "<group>"; };
		CF4A6D811CBE3F9E00B36C93 /* BaseLinesView.h */ = {isa = PBXFileReference; fileEncoding = 4; lastKnownFileType = sourcecode.c.h; path = BaseLinesView.h; sourceTree = "<group>"; };
		CF4A6D821CBE3F9E00B36C93 /* BaseLinesView.m */ = {isa = PBXFileReference; fileEncoding = 4; lastKnownFileType = sourcecode.c.objc; path = BaseLinesView.m; sourceTree = "<group>"; };
		CF4A6D831CBE3F9E00B36C93 /* HistogramView.h */ = {isa = PBXFileReference; fileEncoding = 4; lastKnownFileType = sourcecode.c.h; path = HistogramView.h; sourceTree = "<group>"; };
		CF4A6D841CBE3F9E00B36C93 /* HistogramView.m */ = {isa = PBXFileReference; fileEncoding = 4; lastKnownFileType = sourcecode.c.objc; path = HistogramView.m; sourceTree = "<group>"; };
		CF4A6D851CBE3F9E00B36C93 /* KMapPointView.h */ = {isa = PBXFileReference; fileEncoding = 4; lastKnownFileType = sourcecode.c.h; path = KMapPointView.h; sourceTree = "<group>"; };
		CF4A6D861CBE3F9E00B36C93 /* KMapPointView.m */ = {isa = PBXFileReference; fileEncoding = 4; lastKnownFileType = sourcecode.c.objc; path = KMapPointView.m; sourceTree = "<group>"; };
		CF4A6D871CBE3F9E00B36C93 /* KMapView.h */ = {isa = PBXFileReference; fileEncoding = 4; lastKnownFileType = sourcecode.c.h; path = KMapView.h; sourceTree = "<group>"; };
		CF4A6D881CBE3F9E00B36C93 /* KMapView.m */ = {isa = PBXFileReference; fileEncoding = 4; lastKnownFileType = sourcecode.c.objc; path = KMapView.m; sourceTree = "<group>"; };
		CF4A6D891CBE3F9E00B36C93 /* TSLinesView.h */ = {isa = PBXFileReference; fileEncoding = 4; lastKnownFileType = sourcecode.c.h; path = TSLinesView.h; sourceTree = "<group>"; };
		CF4A6D8A1CBE3F9E00B36C93 /* TSLinesView.m */ = {isa = PBXFileReference; fileEncoding = 4; lastKnownFileType = sourcecode.c.objc; path = TSLinesView.m; sourceTree = "<group>"; };
		CF4A6D911CBE40C600B36C93 /* kLinePage.h */ = {isa = PBXFileReference; fileEncoding = 4; lastKnownFileType = sourcecode.c.h; path = kLinePage.h; sourceTree = "<group>"; };
		CF4A6D921CBE40C600B36C93 /* kLinePage.m */ = {isa = PBXFileReference; fileEncoding = 4; lastKnownFileType = sourcecode.c.objc; path = kLinePage.m; sourceTree = "<group>"; };
		CFC15B8C1CBF94A90077FA19 /* MainTableCell.h */ = {isa = PBXFileReference; fileEncoding = 4; lastKnownFileType = sourcecode.c.h; path = MainTableCell.h; sourceTree = "<group>"; };
		CFC15B8D1CBF94A90077FA19 /* MainTableCell.m */ = {isa = PBXFileReference; fileEncoding = 4; lastKnownFileType = sourcecode.c.objc; path = MainTableCell.m; sourceTree = "<group>"; };
		CFC15B8F1CBFA6830077FA19 /* ProductModel.h */ = {isa = PBXFileReference; fileEncoding = 4; lastKnownFileType = sourcecode.c.h; path = ProductModel.h; sourceTree = "<group>"; };
		CFC15B901CBFA6830077FA19 /* ProductModel.m */ = {isa = PBXFileReference; fileEncoding = 4; lastKnownFileType = sourcecode.c.objc; path = ProductModel.m; sourceTree = "<group>"; };
		CFC15B921CC11B770077FA19 /* LeftMenuCell.h */ = {isa = PBXFileReference; fileEncoding = 4; lastKnownFileType = sourcecode.c.h; path = LeftMenuCell.h; sourceTree = "<group>"; };
		CFC15B931CC11B770077FA19 /* LeftMenuCell.m */ = {isa = PBXFileReference; fileEncoding = 4; lastKnownFileType = sourcecode.c.objc; path = LeftMenuCell.m; sourceTree = "<group>"; };
		CFC15B951CC205390077FA19 /* MenuModel.h */ = {isa = PBXFileReference; fileEncoding = 4; lastKnownFileType = sourcecode.c.h; path = MenuModel.h; sourceTree = "<group>"; };
		CFC15B961CC205390077FA19 /* MenuModel.m */ = {isa = PBXFileReference; fileEncoding = 4; lastKnownFileType = sourcecode.c.objc; path = MenuModel.m; sourceTree = "<group>"; };
		CFC15B981CC20F070077FA19 /* DetailViewController.h */ = {isa = PBXFileReference; fileEncoding = 4; lastKnownFileType = sourcecode.c.h; path = DetailViewController.h; sourceTree = "<group>"; };
		CFC15B991CC20F070077FA19 /* DetailViewController.m */ = {isa = PBXFileReference; fileEncoding = 4; lastKnownFileType = sourcecode.c.objc; path = DetailViewController.m; sourceTree = "<group>"; };
		CFC15B9B1CC2249B0077FA19 /* BottomTabView.h */ = {isa = PBXFileReference; fileEncoding = 4; lastKnownFileType = sourcecode.c.h; path = BottomTabView.h; sourceTree = "<group>"; };
		CFC15B9C1CC2249B0077FA19 /* BottomTabView.m */ = {isa = PBXFileReference; fileEncoding = 4; lastKnownFileType = sourcecode.c.objc; path = BottomTabView.m; sourceTree = "<group>"; };
		CFC15B9E1CC22BE10077FA19 /* BottomModel.h */ = {isa = PBXFileReference; fileEncoding = 4; lastKnownFileType = sourcecode.c.h; path = BottomModel.h; sourceTree = "<group>"; };
		CFC15B9F1CC22BE10077FA19 /* BottomModel.m */ = {isa = PBXFileReference; fileEncoding = 4; lastKnownFileType = sourcecode.c.objc; path = BottomModel.m; sourceTree = "<group>"; };
		CFC15BA51CC234C30077FA19 /* HandicapView.h */ = {isa = PBXFileReference; fileEncoding = 4; lastKnownFileType = sourcecode.c.h; path = HandicapView.h; sourceTree = "<group>"; };
		CFC15BA61CC234C30077FA19 /* HandicapView.m */ = {isa = PBXFileReference; fileEncoding = 4; lastKnownFileType = sourcecode.c.objc; path = HandicapView.m; sourceTree = "<group>"; };
		CFC15BA81CC35F700077FA19 /* HandicapCell.h */ = {isa = PBXFileReference; fileEncoding = 4; lastKnownFileType = sourcecode.c.h; path = HandicapCell.h; sourceTree = "<group>"; };
		CFC15BA91CC35F700077FA19 /* HandicapCell.m */ = {isa = PBXFileReference; fileEncoding = 4; lastKnownFileType = sourcecode.c.objc; path = HandicapCell.m; sourceTree = "<group>"; };
		CFC15BAB1CC361A80077FA19 /* HandicapModel.h */ = {isa = PBXFileReference; fileEncoding = 4; lastKnownFileType = sourcecode.c.h; path = HandicapModel.h; sourceTree = "<group>"; };
		CFC15BAC1CC361A80077FA19 /* HandicapModel.m */ = {isa = PBXFileReference; fileEncoding = 4; lastKnownFileType = sourcecode.c.objc; path = HandicapModel.m; sourceTree = "<group>"; };
		CFC15BAE1CC365650077FA19 /* HandicapBaseModel.h */ = {isa = PBXFileReference; fileEncoding = 4; lastKnownFileType = sourcecode.c.h; path = HandicapBaseModel.h; sourceTree = "<group>"; };
		CFC15BAF1CC365650077FA19 /* HandicapBaseModel.m */ = {isa = PBXFileReference; fileEncoding = 4; lastKnownFileType = sourcecode.c.objc; path = HandicapBaseModel.m; sourceTree = "<group>"; };
		CFC15BB11CC37C730077FA19 /* HandicapDetailModel.h */ = {isa = PBXFileReference; fileEncoding = 4; lastKnownFileType = sourcecode.c.h; path = HandicapDetailModel.h; sourceTree = "<group>"; };
		CFC15BB21CC37C730077FA19 /* HandicapDetailModel.m */ = {isa = PBXFileReference; fileEncoding = 4; lastKnownFileType = sourcecode.c.objc; path = HandicapDetailModel.m; sourceTree = "<group>"; };
		CFDFFA921CBF742500401CB3 /* SlideNavigationController.h */ = {isa = PBXFileReference; fileEncoding = 4; lastKnownFileType = sourcecode.c.h; path = SlideNavigationController.h; sourceTree = "<group>"; };
		CFDFFA931CBF742500401CB3 /* SlideNavigationController.m */ = {isa = PBXFileReference; fileEncoding = 4; lastKnownFileType = sourcecode.c.objc; path = SlideNavigationController.m; sourceTree = "<group>"; };
		CFDFFA951CBF759800401CB3 /* LeftMenuViewContriller.h */ = {isa = PBXFileReference; fileEncoding = 4; lastKnownFileType = sourcecode.c.h; path = LeftMenuViewContriller.h; sourceTree = "<group>"; };
		CFDFFA961CBF759800401CB3 /* LeftMenuViewContriller.m */ = {isa = PBXFileReference; fileEncoding = 4; lastKnownFileType = sourcecode.c.objc; path = LeftMenuViewContriller.m; sourceTree = "<group>"; };
		CFDFFA981CBF77AB00401CB3 /* MainViewController.h */ = {isa = PBXFileReference; fileEncoding = 4; lastKnownFileType = sourcecode.c.h; path = MainViewController.h; sourceTree = "<group>"; };
		CFDFFA991CBF77AB00401CB3 /* MainViewController.m */ = {isa = PBXFileReference; fileEncoding = 4; lastKnownFileType = sourcecode.c.objc; path = MainViewController.m; sourceTree = "<group>"; };
		CFDFFA9B1CBF78DD00401CB3 /* RightMenuViewController.h */ = {isa = PBXFileReference; fileEncoding = 4; lastKnownFileType = sourcecode.c.h; path = RightMenuViewController.h; sourceTree = "<group>"; };
		CFDFFA9C1CBF78DD00401CB3 /* RightMenuViewController.m */ = {isa = PBXFileReference; fileEncoding = 4; lastKnownFileType = sourcecode.c.objc; path = RightMenuViewController.m; sourceTree = "<group>"; };
		E4E69CC7BA857424957CA231 /* Pods-gyt.debug.xcconfig */ = {isa = PBXFileReference; includeInIndex = 1; lastKnownFileType = text.xcconfig; name = "Pods-gyt.debug.xcconfig"; path = "Pods/Target Support Files/Pods-gyt/Pods-gyt.debug.xcconfig"; sourceTree = "<group>"; };
/* End PBXFileReference section */

/* Begin PBXFrameworksBuildPhase section */
		CF4A6D101CBE25AA00B36C93 /* Frameworks */ = {
			isa = PBXFrameworksBuildPhase;
			buildActionMask = 2147483647;
			files = (
				8109A9450AE28C984801318D /* libPods-gyt.a in Frameworks */,
			);
			runOnlyForDeploymentPostprocessing = 0;
		};
/* End PBXFrameworksBuildPhase section */

/* Begin PBXGroup section */
		AA72E72FA1DE389ACFDB9755 /* Frameworks */ = {
			isa = PBXGroup;
			children = (
				234300D9AA14CCAB18F37D31 /* libPods-gyt.a */,
			);
			name = Frameworks;
			sourceTree = "<group>";
		};
		CF4A6D0A1CBE25AA00B36C93 = {
			isa = PBXGroup;
			children = (
				CF4A6D151CBE25AA00B36C93 /* gyt */,
				CF4A6D141CBE25AA00B36C93 /* Products */,
				D4AF553BC76F6924E98CCF9D /* Pods */,
				AA72E72FA1DE389ACFDB9755 /* Frameworks */,
			);
			sourceTree = "<group>";
		};
		CF4A6D141CBE25AA00B36C93 /* Products */ = {
			isa = PBXGroup;
			children = (
				CF4A6D131CBE25AA00B36C93 /* gyt.app */,
			);
			name = Products;
			sourceTree = "<group>";
		};
		CF4A6D151CBE25AA00B36C93 /* gyt */ = {
			isa = PBXGroup;
			children = (
				CF4A6D901CBE408600B36C93 /* test */,
				CF4A6D801CBE3F9E00B36C93 /* chart */,
				CF4A6D471CBE28DD00B36C93 /* controller */,
				CF4A6D481CBE28DD00B36C93 /* data */,
				CF4A6D491CBE28DD00B36C93 /* utils */,
				CF4A6D561CBE28DD00B36C93 /* view */,
				CF4A6D191CBE25AA00B36C93 /* AppDelegate.h */,
				CF4A6D1A1CBE25AA00B36C93 /* AppDelegate.m */,
				CF4A6D161CBE25AA00B36C93 /* Supporting Files */,
			);
			path = gyt;
			sourceTree = "<group>";
		};
		CF4A6D161CBE25AA00B36C93 /* Supporting Files */ = {
			isa = PBXGroup;
			children = (
				CF4A6D5E1CBE293400B36C93 /* Common.pch */,
				CF4A6D1F1CBE25AA00B36C93 /* Main.storyboard */,
				CF4A6D251CBE25AA00B36C93 /* Assets.xcassets */,
				CF4A6D271CBE25AA00B36C93 /* LaunchScreen.storyboard */,
				CF4A6D2A1CBE25AA00B36C93 /* Info.plist */,
				CF4A6D171CBE25AA00B36C93 /* main.m */,
			);
			name = "Supporting Files";
			sourceTree = "<group>";
		};
		CF4A6D471CBE28DD00B36C93 /* controller */ = {
			isa = PBXGroup;
			children = (
				CFC15BA31CC234270077FA19 /* main */,
				CFC15BA21CC234160077FA19 /* menu */,
				CFC15BA11CC234010077FA19 /* detail */,
				CF4A6D7D1CBE2EAB00B36C93 /* BaseViewController.h */,
				CF4A6D7E1CBE2EAB00B36C93 /* BaseViewController.m */,
			);
			path = controller;
			sourceTree = "<group>";
		};
		CF4A6D481CBE28DD00B36C93 /* data */ = {
			isa = PBXGroup;
			children = (
				CF4A6D721CBE2BCD00B36C93 /* ResponseModel.h */,
				CF4A6D731CBE2BCD00B36C93 /* ResponseModel.m */,
				CFC15B8F1CBFA6830077FA19 /* ProductModel.h */,
				CFC15B901CBFA6830077FA19 /* ProductModel.m */,
				CFC15B951CC205390077FA19 /* MenuModel.h */,
				CFC15B961CC205390077FA19 /* MenuModel.m */,
				CFC15B9E1CC22BE10077FA19 /* BottomModel.h */,
				CFC15B9F1CC22BE10077FA19 /* BottomModel.m */,
				CFC15BAB1CC361A80077FA19 /* HandicapModel.h */,
				CFC15BAC1CC361A80077FA19 /* HandicapModel.m */,
				CFC15BAE1CC365650077FA19 /* HandicapBaseModel.h */,
				CFC15BAF1CC365650077FA19 /* HandicapBaseModel.m */,
				CFC15BB11CC37C730077FA19 /* HandicapDetailModel.h */,
				CFC15BB21CC37C730077FA19 /* HandicapDetailModel.m */,
			);
			path = data;
			sourceTree = "<group>";
		};
		CF4A6D491CBE28DD00B36C93 /* utils */ = {
			isa = PBXGroup;
			children = (
				CF4A6D4A1CBE28DD00B36C93 /* Account.h */,
				CF4A6D4B1CBE28DD00B36C93 /* Account.m */,
				CF4A6D4C1CBE28DD00B36C93 /* AppUtil.h */,
				CF4A6D4D1CBE28DD00B36C93 /* AppUtil.m */,
				CF4A6D4E1CBE28DD00B36C93 /* ColorUtil.h */,
				CF4A6D4F1CBE28DD00B36C93 /* ColorUtil.m */,
				CF4A6D501CBE28DD00B36C93 /* Constant.h */,
				CF4A6D511CBE28DD00B36C93 /* DialogHelper.h */,
				CF4A6D521CBE28DD00B36C93 /* DialogHelper.m */,
				CF4A6D531CBE28DD00B36C93 /* IDSAlertSheet.h */,
				CF4A6D541CBE28DD00B36C93 /* IDSAlertSheet.m */,
				CF4A6D551CBE28DD00B36C93 /* Singleton.h */,
			);
			path = utils;
			sourceTree = "<group>";
		};
		CF4A6D561CBE28DD00B36C93 /* view */ = {
			isa = PBXGroup;
			children = (
				CFC15BA41CC234B00077FA19 /* detail */,
				CF4A6D7A1CBE2EA200B36C93 /* ByNavigationBar.h */,
				CF4A6D7B1CBE2EA200B36C93 /* ByNavigationBar.m */,
				CFC15B9B1CC2249B0077FA19 /* BottomTabView.h */,
				CFC15B9C1CC2249B0077FA19 /* BottomTabView.m */,
				CF4A6D571CBE28DD00B36C93 /* cell */,
				CF4A6D581CBE28DD00B36C93 /* extra */,
			);
			path = view;
			sourceTree = "<group>";
		};
		CF4A6D571CBE28DD00B36C93 /* cell */ = {
			isa = PBXGroup;
			children = (
				CFC15B8C1CBF94A90077FA19 /* MainTableCell.h */,
				CFC15B8D1CBF94A90077FA19 /* MainTableCell.m */,
				CFC15B921CC11B770077FA19 /* LeftMenuCell.h */,
				CFC15B931CC11B770077FA19 /* LeftMenuCell.m */,
				CFC15BA81CC35F700077FA19 /* HandicapCell.h */,
				CFC15BA91CC35F700077FA19 /* HandicapCell.m */,
			);
			path = cell;
			sourceTree = "<group>";
		};
		CF4A6D581CBE28DD00B36C93 /* extra */ = {
			isa = PBXGroup;
			children = (
				CF4A6D691CBE2A0800B36C93 /* IDSExtendedLabel.h */,
				CF4A6D6A1CBE2A0800B36C93 /* IDSExtendedLabel.m */,
				CF4A6D6B1CBE2A0800B36C93 /* UILabel+ContentSize.h */,
				CF4A6D6C1CBE2A0800B36C93 /* UILabel+ContentSize.m */,
				CF4A6D6D1CBE2A0800B36C93 /* UIView+Frame.h */,
				CF4A6D6E1CBE2A0800B36C93 /* UIView+Frame.m */,
			);
			path = extra;
			sourceTree = "<group>";
		};
		CF4A6D801CBE3F9E00B36C93 /* chart */ = {
			isa = PBXGroup;
			children = (
				CF4A6D811CBE3F9E00B36C93 /* BaseLinesView.h */,
				CF4A6D821CBE3F9E00B36C93 /* BaseLinesView.m */,
				CF4A6D831CBE3F9E00B36C93 /* HistogramView.h */,
				CF4A6D841CBE3F9E00B36C93 /* HistogramView.m */,
				CF4A6D851CBE3F9E00B36C93 /* KMapPointView.h */,
				CF4A6D861CBE3F9E00B36C93 /* KMapPointView.m */,
				CF4A6D871CBE3F9E00B36C93 /* KMapView.h */,
				CF4A6D881CBE3F9E00B36C93 /* KMapView.m */,
				CF4A6D891CBE3F9E00B36C93 /* TSLinesView.h */,
				CF4A6D8A1CBE3F9E00B36C93 /* TSLinesView.m */,
			);
			path = chart;
			sourceTree = "<group>";
		};
		CF4A6D901CBE408600B36C93 /* test */ = {
			isa = PBXGroup;
			children = (
				CF4A6D911CBE40C600B36C93 /* kLinePage.h */,
				CF4A6D921CBE40C600B36C93 /* kLinePage.m */,
			);
			path = test;
			sourceTree = "<group>";
		};
		CFC15BA11CC234010077FA19 /* detail */ = {
			isa = PBXGroup;
			children = (
				CFC15B981CC20F070077FA19 /* DetailViewController.h */,
				CFC15B991CC20F070077FA19 /* DetailViewController.m */,
			);
			name = detail;
			sourceTree = "<group>";
		};
		CFC15BA21CC234160077FA19 /* menu */ = {
			isa = PBXGroup;
			children = (
				CFDFFA9B1CBF78DD00401CB3 /* RightMenuViewController.h */,
				CFDFFA9C1CBF78DD00401CB3 /* RightMenuViewController.m */,
				CFDFFA951CBF759800401CB3 /* LeftMenuViewContriller.h */,
				CFDFFA961CBF759800401CB3 /* LeftMenuViewContriller.m */,
			);
			name = menu;
			sourceTree = "<group>";
		};
		CFC15BA31CC234270077FA19 /* main */ = {
			isa = PBXGroup;
			children = (
				CFDFFA921CBF742500401CB3 /* SlideNavigationController.h */,
				CFDFFA931CBF742500401CB3 /* SlideNavigationController.m */,
				CFDFFA981CBF77AB00401CB3 /* MainViewController.h */,
				CFDFFA991CBF77AB00401CB3 /* MainViewController.m */,
			);
			name = main;
			sourceTree = "<group>";
		};
		CFC15BA41CC234B00077FA19 /* detail */ = {
			isa = PBXGroup;
			children = (
				CFC15BA51CC234C30077FA19 /* HandicapView.h */,
				CFC15BA61CC234C30077FA19 /* HandicapView.m */,
			);
			name = detail;
			sourceTree = "<group>";
		};
		D4AF553BC76F6924E98CCF9D /* Pods */ = {
			isa = PBXGroup;
			children = (
				E4E69CC7BA857424957CA231 /* Pods-gyt.debug.xcconfig */,
				0649C12BFD5FDC358AE11BA4 /* Pods-gyt.release.xcconfig */,
			);
			name = Pods;
			sourceTree = "<group>";
		};
/* End PBXGroup section */

/* Begin PBXNativeTarget section */
		CF4A6D121CBE25AA00B36C93 /* gyt */ = {
			isa = PBXNativeTarget;
			buildConfigurationList = CF4A6D2D1CBE25AA00B36C93 /* Build configuration list for PBXNativeTarget "gyt" */;
			buildPhases = (
				FB0052FC81F086BAED128A63 /* Check Pods Manifest.lock */,
				CF4A6D0F1CBE25AA00B36C93 /* Sources */,
				CF4A6D101CBE25AA00B36C93 /* Frameworks */,
				CF4A6D111CBE25AA00B36C93 /* Resources */,
				1C2BA63FDBA0004CE5CC6199 /* Embed Pods Frameworks */,
				169E6F15DC7E9DE7A9AA5FBE /* Copy Pods Resources */,
			);
			buildRules = (
			);
			dependencies = (
			);
			name = gyt;
			productName = gyt;
			productReference = CF4A6D131CBE25AA00B36C93 /* gyt.app */;
			productType = "com.apple.product-type.application";
		};
/* End PBXNativeTarget section */

/* Begin PBXProject section */
		CF4A6D0B1CBE25AA00B36C93 /* Project object */ = {
			isa = PBXProject;
			attributes = {
				LastUpgradeCheck = 0730;
				ORGANIZATIONNAME = by.huang;
				TargetAttributes = {
					CF4A6D121CBE25AA00B36C93 = {
						CreatedOnToolsVersion = 7.3;
					};
				};
			};
			buildConfigurationList = CF4A6D0E1CBE25AA00B36C93 /* Build configuration list for PBXProject "gyt" */;
			compatibilityVersion = "Xcode 3.2";
			developmentRegion = English;
			hasScannedForEncodings = 0;
			knownRegions = (
				en,
				Base,
			);
			mainGroup = CF4A6D0A1CBE25AA00B36C93;
			productRefGroup = CF4A6D141CBE25AA00B36C93 /* Products */;
			projectDirPath = "";
			projectRoot = "";
			targets = (
				CF4A6D121CBE25AA00B36C93 /* gyt */,
			);
		};
/* End PBXProject section */

/* Begin PBXResourcesBuildPhase section */
		CF4A6D111CBE25AA00B36C93 /* Resources */ = {
			isa = PBXResourcesBuildPhase;
			buildActionMask = 2147483647;
			files = (
				CF4A6D291CBE25AA00B36C93 /* LaunchScreen.storyboard in Resources */,
				CF4A6D261CBE25AA00B36C93 /* Assets.xcassets in Resources */,
				CF4A6D211CBE25AA00B36C93 /* Main.storyboard in Resources */,
			);
			runOnlyForDeploymentPostprocessing = 0;
		};
/* End PBXResourcesBuildPhase section */

/* Begin PBXShellScriptBuildPhase section */
		169E6F15DC7E9DE7A9AA5FBE /* Copy Pods Resources */ = {
			isa = PBXShellScriptBuildPhase;
			buildActionMask = 2147483647;
			files = (
			);
			inputPaths = (
			);
			name = "Copy Pods Resources";
			outputPaths = (
			);
			runOnlyForDeploymentPostprocessing = 0;
			shellPath = /bin/sh;
			shellScript = "\"${SRCROOT}/Pods/Target Support Files/Pods-gyt/Pods-gyt-resources.sh\"\n";
			showEnvVarsInLog = 0;
		};
		1C2BA63FDBA0004CE5CC6199 /* Embed Pods Frameworks */ = {
			isa = PBXShellScriptBuildPhase;
			buildActionMask = 2147483647;
			files = (
			);
			inputPaths = (
			);
			name = "Embed Pods Frameworks";
			outputPaths = (
			);
			runOnlyForDeploymentPostprocessing = 0;
			shellPath = /bin/sh;
			shellScript = "\"${SRCROOT}/Pods/Target Support Files/Pods-gyt/Pods-gyt-frameworks.sh\"\n";
			showEnvVarsInLog = 0;
		};
		FB0052FC81F086BAED128A63 /* Check Pods Manifest.lock */ = {
			isa = PBXShellScriptBuildPhase;
			buildActionMask = 2147483647;
			files = (
			);
			inputPaths = (
			);
			name = "Check Pods Manifest.lock";
			outputPaths = (
			);
			runOnlyForDeploymentPostprocessing = 0;
			shellPath = /bin/sh;
			shellScript = "diff \"${PODS_ROOT}/../Podfile.lock\" \"${PODS_ROOT}/Manifest.lock\" > /dev/null\nif [[ $? != 0 ]] ; then\n    cat << EOM\nerror: The sandbox is not in sync with the Podfile.lock. Run 'pod install' or update your CocoaPods installation.\nEOM\n    exit 1\nfi\n";
			showEnvVarsInLog = 0;
		};
/* End PBXShellScriptBuildPhase section */

/* Begin PBXSourcesBuildPhase section */
		CF4A6D0F1CBE25AA00B36C93 /* Sources */ = {
			isa = PBXSourcesBuildPhase;
			buildActionMask = 2147483647;
			files = (
				CF4A6D591CBE28DD00B36C93 /* Account.m in Sources */,
				CFC15BAA1CC35F700077FA19 /* HandicapCell.m in Sources */,
				CFC15BA71CC234C30077FA19 /* HandicapView.m in Sources */,
				CFDFFA971CBF759800401CB3 /* LeftMenuViewContriller.m in Sources */,
				CF4A6D8B1CBE3F9E00B36C93 /* BaseLinesView.m in Sources */,
				CF4A6D701CBE2A0800B36C93 /* UILabel+ContentSize.m in Sources */,
				CF4A6D8C1CBE3F9E00B36C93 /* HistogramView.m in Sources */,
				CFDFFA9D1CBF78DD00401CB3 /* RightMenuViewController.m in Sources */,
				CFC15BB31CC37C730077FA19 /* HandicapDetailModel.m in Sources */,
				CF4A6D1B1CBE25AA00B36C93 /* AppDelegate.m in Sources */,
				CFC15B8E1CBF94A90077FA19 /* MainTableCell.m in Sources */,
				CF4A6D181CBE25AA00B36C93 /* main.m in Sources */,
				CFC15B941CC11B770077FA19 /* LeftMenuCell.m in Sources */,
				CFDFFA941CBF742500401CB3 /* SlideNavigationController.m in Sources */,
				CF4A6D931CBE40C600B36C93 /* kLinePage.m in Sources */,
				CF4A6D5B1CBE28DD00B36C93 /* ColorUtil.m in Sources */,
				CFC15B971CC205390077FA19 /* MenuModel.m in Sources */,
				CF4A6D8E1CBE3F9E00B36C93 /* KMapView.m in Sources */,
				CFDFFA9A1CBF77AB00401CB3 /* MainViewController.m in Sources */,
				CFC15BB01CC365650077FA19 /* HandicapBaseModel.m in Sources */,
				CF4A6D7F1CBE2EAB00B36C93 /* BaseViewController.m in Sources */,
				CF4A6D5A1CBE28DD00B36C93 /* AppUtil.m in Sources */,
				CF4A6D8F1CBE3F9E00B36C93 /* TSLinesView.m in Sources */,
				CFC15B911CBFA6830077FA19 /* ProductModel.m in Sources */,
				CF4A6D741CBE2BCD00B36C93 /* ResponseModel.m in Sources */,
				CF4A6D7C1CBE2EA200B36C93 /* ByNavigationBar.m in Sources */,
				CF4A6D5C1CBE28DD00B36C93 /* DialogHelper.m in Sources */,
				CF4A6D6F1CBE2A0800B36C93 /* IDSExtendedLabel.m in Sources */,
				CFC15BAD1CC361A80077FA19 /* HandicapModel.m in Sources */,
				CF4A6D711CBE2A0800B36C93 /* UIView+Frame.m in Sources */,
				CF4A6D5D1CBE28DD00B36C93 /* IDSAlertSheet.m in Sources */,
				CFC15BA01CC22BE10077FA19 /* BottomModel.m in Sources */,
				CFC15B9D1CC2249B0077FA19 /* BottomTabView.m in Sources */,
				CF4A6D8D1CBE3F9E00B36C93 /* KMapPointView.m in Sources */,
				CFC15B9A1CC20F070077FA19 /* DetailViewController.m in Sources */,
			);
			runOnlyForDeploymentPostprocessing = 0;
		};
/* End PBXSourcesBuildPhase section */

/* Begin PBXVariantGroup section */
		CF4A6D1F1CBE25AA00B36C93 /* Main.storyboard */ = {
			isa = PBXVariantGroup;
			children = (
				CF4A6D201CBE25AA00B36C93 /* Base */,
			);
			name = Main.storyboard;
			sourceTree = "<group>";
		};
		CF4A6D271CBE25AA00B36C93 /* LaunchScreen.storyboard */ = {
			isa = PBXVariantGroup;
			children = (
				CF4A6D281CBE25AA00B36C93 /* Base */,
			);
			name = LaunchScreen.storyboard;
			sourceTree = "<group>";
		};
/* End PBXVariantGroup section */

/* Begin XCBuildConfiguration section */
		CF4A6D2B1CBE25AA00B36C93 /* Debug */ = {
			isa = XCBuildConfiguration;
			buildSettings = {
				ALWAYS_SEARCH_USER_PATHS = NO;
				CLANG_ANALYZER_NONNULL = YES;
				CLANG_CXX_LANGUAGE_STANDARD = "gnu++0x";
				CLANG_CXX_LIBRARY = "libc++";
				CLANG_ENABLE_MODULES = YES;
				CLANG_ENABLE_OBJC_ARC = YES;
				CLANG_WARN_BOOL_CONVERSION = YES;
				CLANG_WARN_CONSTANT_CONVERSION = YES;
				CLANG_WARN_DIRECT_OBJC_ISA_USAGE = YES_ERROR;
				CLANG_WARN_EMPTY_BODY = YES;
				CLANG_WARN_ENUM_CONVERSION = YES;
				CLANG_WARN_INT_CONVERSION = YES;
				CLANG_WARN_OBJC_ROOT_CLASS = YES_ERROR;
				CLANG_WARN_UNREACHABLE_CODE = YES;
				CLANG_WARN__DUPLICATE_METHOD_MATCH = YES;
				"CODE_SIGN_IDENTITY[sdk=iphoneos*]" = "iPhone Developer";
				COPY_PHASE_STRIP = NO;
				DEBUG_INFORMATION_FORMAT = dwarf;
				ENABLE_STRICT_OBJC_MSGSEND = YES;
				ENABLE_TESTABILITY = YES;
				GCC_C_LANGUAGE_STANDARD = gnu99;
				GCC_DYNAMIC_NO_PIC = NO;
				GCC_NO_COMMON_BLOCKS = YES;
				GCC_OPTIMIZATION_LEVEL = 0;
				GCC_PREPROCESSOR_DEFINITIONS = (
					"DEBUG=1",
					"$(inherited)",
				);
				GCC_WARN_64_TO_32_BIT_CONVERSION = YES;
				GCC_WARN_ABOUT_RETURN_TYPE = YES_ERROR;
				GCC_WARN_UNDECLARED_SELECTOR = YES;
				GCC_WARN_UNINITIALIZED_AUTOS = YES_AGGRESSIVE;
				GCC_WARN_UNUSED_FUNCTION = YES;
				GCC_WARN_UNUSED_VARIABLE = YES;
				IPHONEOS_DEPLOYMENT_TARGET = 9.3;
				MTL_ENABLE_DEBUG_INFO = YES;
				ONLY_ACTIVE_ARCH = YES;
				SDKROOT = iphoneos;
				TARGETED_DEVICE_FAMILY = "1,2";
			};
			name = Debug;
		};
		CF4A6D2C1CBE25AA00B36C93 /* Release */ = {
			isa = XCBuildConfiguration;
			buildSettings = {
				ALWAYS_SEARCH_USER_PATHS = NO;
				CLANG_ANALYZER_NONNULL = YES;
				CLANG_CXX_LANGUAGE_STANDARD = "gnu++0x";
				CLANG_CXX_LIBRARY = "libc++";
				CLANG_ENABLE_MODULES = YES;
				CLANG_ENABLE_OBJC_ARC = YES;
				CLANG_WARN_BOOL_CONVERSION = YES;
				CLANG_WARN_CONSTANT_CONVERSION = YES;
				CLANG_WARN_DIRECT_OBJC_ISA_USAGE = YES_ERROR;
				CLANG_WARN_EMPTY_BODY = YES;
				CLANG_WARN_ENUM_CONVERSION = YES;
				CLANG_WARN_INT_CONVERSION = YES;
				CLANG_WARN_OBJC_ROOT_CLASS = YES_ERROR;
				CLANG_WARN_UNREACHABLE_CODE = YES;
				CLANG_WARN__DUPLICATE_METHOD_MATCH = YES;
				"CODE_SIGN_IDENTITY[sdk=iphoneos*]" = "iPhone Developer";
				COPY_PHASE_STRIP = NO;
				DEBUG_INFORMATION_FORMAT = "dwarf-with-dsym";
				ENABLE_NS_ASSERTIONS = NO;
				ENABLE_STRICT_OBJC_MSGSEND = YES;
				GCC_C_LANGUAGE_STANDARD = gnu99;
				GCC_NO_COMMON_BLOCKS = YES;
				GCC_WARN_64_TO_32_BIT_CONVERSION = YES;
				GCC_WARN_ABOUT_RETURN_TYPE = YES_ERROR;
				GCC_WARN_UNDECLARED_SELECTOR = YES;
				GCC_WARN_UNINITIALIZED_AUTOS = YES_AGGRESSIVE;
				GCC_WARN_UNUSED_FUNCTION = YES;
				GCC_WARN_UNUSED_VARIABLE = YES;
				IPHONEOS_DEPLOYMENT_TARGET = 9.3;
				MTL_ENABLE_DEBUG_INFO = NO;
				SDKROOT = iphoneos;
				TARGETED_DEVICE_FAMILY = "1,2";
				VALIDATE_PRODUCT = YES;
			};
			name = Release;
		};
		CF4A6D2E1CBE25AA00B36C93 /* Debug */ = {
			isa = XCBuildConfiguration;
			baseConfigurationReference = E4E69CC7BA857424957CA231 /* Pods-gyt.debug.xcconfig */;
			buildSettings = {
				ASSETCATALOG_COMPILER_APPICON_NAME = AppIcon;
				ASSETCATALOG_COMPILER_LAUNCHIMAGE_NAME = LaunchImage;
				GCC_PREFIX_HEADER = /Users/by.huang/Desktop/by/gyt/gyt/Common.pch;
				INFOPLIST_FILE = gyt/Info.plist;
				IPHONEOS_DEPLOYMENT_TARGET = 7.0;
				LD_RUNPATH_SEARCH_PATHS = "$(inherited) @executable_path/Frameworks";
				PRODUCT_BUNDLE_IDENTIFIER = com.by.ios.gyt;
				PRODUCT_NAME = "$(TARGET_NAME)";
				TARGETED_DEVICE_FAMILY = "1,2";
			};
			name = Debug;
		};
		CF4A6D2F1CBE25AA00B36C93 /* Release */ = {
			isa = XCBuildConfiguration;
			baseConfigurationReference = 0649C12BFD5FDC358AE11BA4 /* Pods-gyt.release.xcconfig */;
			buildSettings = {
				ASSETCATALOG_COMPILER_APPICON_NAME = AppIcon;
				ASSETCATALOG_COMPILER_LAUNCHIMAGE_NAME = LaunchImage;
				GCC_PREFIX_HEADER = /Users/by.huang/Desktop/by/gyt/gyt/Common.pch;
				INFOPLIST_FILE = gyt/Info.plist;
				IPHONEOS_DEPLOYMENT_TARGET = 7.0;
				LD_RUNPATH_SEARCH_PATHS = "$(inherited) @executable_path/Frameworks";
				PRODUCT_BUNDLE_IDENTIFIER = com.by.ios.gyt;
				PRODUCT_NAME = "$(TARGET_NAME)";
				TARGETED_DEVICE_FAMILY = "1,2";
			};
			name = Release;
		};
/* End XCBuildConfiguration section */

/* Begin XCConfigurationList section */
		CF4A6D0E1CBE25AA00B36C93 /* Build configuration list for PBXProject "gyt" */ = {
			isa = XCConfigurationList;
			buildConfigurations = (
				CF4A6D2B1CBE25AA00B36C93 /* Debug */,
				CF4A6D2C1CBE25AA00B36C93 /* Release */,
			);
			defaultConfigurationIsVisible = 0;
			defaultConfigurationName = Release;
		};
		CF4A6D2D1CBE25AA00B36C93 /* Build configuration list for PBXNativeTarget "gyt" */ = {
			isa = XCConfigurationList;
			buildConfigurations = (
				CF4A6D2E1CBE25AA00B36C93 /* Debug */,
				CF4A6D2F1CBE25AA00B36C93 /* Release */,
			);
			defaultConfigurationIsVisible = 0;
			defaultConfigurationName = Release;
		};
/* End XCConfigurationList section */
	};
	rootObject = CF4A6D0B1CBE25AA00B36C93 /* Project object */;
}
